
Microsoft Visual Studio Solution File, Format Version 11.00
# Visual Studio 2010
Project("{FAE04EC0-301F-11D3-BF4B-00C04F79EFBC}") = "Assembly-CSharp", "Assembly-CSharp.csproj", "{1FAF5C04-D8F8-8BC3-4F6B-A61AEA22EB95}"
EndProject
Global
	GlobalSection(SolutionConfigurationPlatforms) = preSolution
		Debug|Any CPU = Debug|Any CPU
		Release|Any CPU = Release|Any CPU
	EndGlobalSection
	GlobalSection(ProjectConfigurationPlatforms) = postSolution
		{1FAF5C04-D8F8-8BC3-4F6B-A61AEA22EB95}.Debug|Any CPU.ActiveCfg = Debug|Any CPU
		{1FAF5C04-D8F8-8BC3-4F6B-A61AEA22EB95}.Debug|Any CPU.Build.0 = Debug|Any CPU
		{1FAF5C04-D8F8-8BC3-4F6B-A61AEA22EB95}.Release|Any CPU.ActiveCfg = Release|Any CPU
		{1FAF5C04-D8F8-8BC3-4F6B-A61AEA22EB95}.Release|Any CPU.Build.0 = Release|Any CPU
	EndGlobalSection
	GlobalSection(SolutionProperties) = preSolution
		HideSolutionNode = FALSE
	EndGlobalSection
EndGlobal
